
Microsoft Visual Studio Solution File, Format Version 12.00
# Visual Studio Version 17
VisualStudioVersion = 17.0.31903.59
MinimumVisualStudioVersion = 10.0.40219.1
Project("{FAE04EC0-301F-11D3-BF4B-00C04F79EFBC}") = "MqttReader.Console", "MqttReader.Console\MqttReader.Console.csproj", "{DA8D80C0-013B-48B0-9BA2-D101FC20F91A}"
EndProject
Project("{FAE04EC0-301F-11D3-BF4B-00C04F79EFBC}") = "Application", "Application\Application.csproj", "{91559155-D4BE-409D-9337-67A18B4B6B5D}"
EndProject
Project("{FAE04EC0-301F-11D3-BF4B-00C04F79EFBC}") = "Infrastructure", "Infrastructure\Infrastructure.csproj", "{76164A8B-A5CF-4F23-9FED-013175FE43EC}"
EndProject
Global
	GlobalSection(SolutionConfigurationPlatforms) = preSolution
		Debug|Any CPU = Debug|Any CPU
		Release|Any CPU = Release|Any CPU
	EndGlobalSection
	GlobalSection(SolutionProperties) = preSolution
		HideSolutionNode = FALSE
	EndGlobalSection
	GlobalSection(ProjectConfigurationPlatforms) = postSolution
		{DA8D80C0-013B-48B0-9BA2-D101FC20F91A}.Debug|Any CPU.ActiveCfg = Debug|Any CPU
		{DA8D80C0-013B-48B0-9BA2-D101FC20F91A}.Debug|Any CPU.Build.0 = Debug|Any CPU
		{DA8D80C0-013B-48B0-9BA2-D101FC20F91A}.Release|Any CPU.ActiveCfg = Release|Any CPU
		{DA8D80C0-013B-48B0-9BA2-D101FC20F91A}.Release|Any CPU.Build.0 = Release|Any CPU
		{91559155-D4BE-409D-9337-67A18B4B6B5D}.Debug|Any CPU.ActiveCfg = Debug|Any CPU
		{91559155-D4BE-409D-9337-67A18B4B6B5D}.Debug|Any CPU.Build.0 = Debug|Any CPU
		{91559155-D4BE-409D-9337-67A18B4B6B5D}.Release|Any CPU.ActiveCfg = Release|Any CPU
		{91559155-D4BE-409D-9337-67A18B4B6B5D}.Release|Any CPU.Build.0 = Release|Any CPU
		{76164A8B-A5CF-4F23-9FED-013175FE43EC}.Debug|Any CPU.ActiveCfg = Debug|Any CPU
		{76164A8B-A5CF-4F23-9FED-013175FE43EC}.Debug|Any CPU.Build.0 = Debug|Any CPU
		{76164A8B-A5CF-4F23-9FED-013175FE43EC}.Release|Any CPU.ActiveCfg = Release|Any CPU
		{76164A8B-A5CF-4F23-9FED-013175FE43EC}.Release|Any CPU.Build.0 = Release|Any CPU
	EndGlobalSection
EndGlobal
